
Microsoft Visual Studio Solution File, Format Version 12.00
# Visual Studio Version 16
VisualStudioVersion = 16.0.30320.27
MinimumVisualStudioVersion = 10.0.40219.1
Project("{FAE04EC0-301F-11D3-BF4B-00C04F79EFBC}") = "MarinaData", "MarinaData\MarinaData.csproj", "{FA3504DA-F161-41FF-87A3-6C87DC884103}"
EndProject
Project("{FAE04EC0-301F-11D3-BF4B-00C04F79EFBC}") = "MarinaApp", "MarinaApp\MarinaApp.csproj", "{F2782BF3-FF2B-45D3-A1B6-05B45D118CC3}"
EndProject
Project("{FAE04EC0-301F-11D3-BF4B-00C04F79EFBC}") = "ConsoleTest", "ConsoleTest\ConsoleTest.csproj", "{08C869AB-DD86-46AE-8702-AEE2757FD6CA}"
EndProject
Global
	GlobalSection(SolutionConfigurationPlatforms) = preSolution
		Debug|Any CPU = Debug|Any CPU
		Release|Any CPU = Release|Any CPU
	EndGlobalSection
	GlobalSection(ProjectConfigurationPlatforms) = postSolution
		{FA3504DA-F161-41FF-87A3-6C87DC884103}.Debug|Any CPU.ActiveCfg = Debug|Any CPU
		{FA3504DA-F161-41FF-87A3-6C87DC884103}.Debug|Any CPU.Build.0 = Debug|Any CPU
		{FA3504DA-F161-41FF-87A3-6C87DC884103}.Release|Any CPU.ActiveCfg = Release|Any CPU
		{FA3504DA-F161-41FF-87A3-6C87DC884103}.Release|Any CPU.Build.0 = Release|Any CPU
		{F2782BF3-FF2B-45D3-A1B6-05B45D118CC3}.Debug|Any CPU.ActiveCfg = Debug|Any CPU
		{F2782BF3-FF2B-45D3-A1B6-05B45D118CC3}.Debug|Any CPU.Build.0 = Debug|Any CPU
		{F2782BF3-FF2B-45D3-A1B6-05B45D118CC3}.Release|Any CPU.ActiveCfg = Release|Any CPU
		{F2782BF3-FF2B-45D3-A1B6-05B45D118CC3}.Release|Any CPU.Build.0 = Release|Any CPU
		{08C869AB-DD86-46AE-8702-AEE2757FD6CA}.Debug|Any CPU.ActiveCfg = Debug|Any CPU
		{08C869AB-DD86-46AE-8702-AEE2757FD6CA}.Debug|Any CPU.Build.0 = Debug|Any CPU
		{08C869AB-DD86-46AE-8702-AEE2757FD6CA}.Release|Any CPU.ActiveCfg = Release|Any CPU
		{08C869AB-DD86-46AE-8702-AEE2757FD6CA}.Release|Any CPU.Build.0 = Release|Any CPU
	EndGlobalSection
	GlobalSection(SolutionProperties) = preSolution
		HideSolutionNode = FALSE
	EndGlobalSection
	GlobalSection(ExtensibilityGlobals) = postSolution
		SolutionGuid = {33C4DB02-C8EE-43BD-9FC7-0F3052DD386E}
	EndGlobalSection
EndGlobal
